
Microsoft Visual Studio Solution File, Format Version 12.00
# Visual Studio Version 17
VisualStudioVersion = 17.14.36414.22
MinimumVisualStudioVersion = 10.0.40219.1
Project("{FAE04EC0-301F-11D3-BF4B-00C04F79EFBC}") = "PL", "PL\PL.csproj", "{824831A7-9358-4259-AB50-D8FA0D804925}"
EndProject
Project("{FAE04EC0-301F-11D3-BF4B-00C04F79EFBC}") = "ML", "ML\ML.csproj", "{49C5EAA2-01CB-4BDC-B534-E7A573DBC1C0}"
EndProject
Project("{FAE04EC0-301F-11D3-BF4B-00C04F79EFBC}") = "DL", "DL\DL.csproj", "{6E8BB3A2-A3BE-4C6C-AAEB-3F490DBBA4D1}"
EndProject
Project("{FAE04EC0-301F-11D3-BF4B-00C04F79EFBC}") = "BL", "BL\BL.csproj", "{AF3F8C15-6832-4661-9541-4DB48AC71F98}"
EndProject
Global
	GlobalSection(SolutionConfigurationPlatforms) = preSolution
		Debug|Any CPU = Debug|Any CPU
		Release|Any CPU = Release|Any CPU
	EndGlobalSection
	GlobalSection(ProjectConfigurationPlatforms) = postSolution
		{824831A7-9358-4259-AB50-D8FA0D804925}.Debug|Any CPU.ActiveCfg = Debug|Any CPU
		{824831A7-9358-4259-AB50-D8FA0D804925}.Debug|Any CPU.Build.0 = Debug|Any CPU
		{824831A7-9358-4259-AB50-D8FA0D804925}.Release|Any CPU.ActiveCfg = Release|Any CPU
		{824831A7-9358-4259-AB50-D8FA0D804925}.Release|Any CPU.Build.0 = Release|Any CPU
		{49C5EAA2-01CB-4BDC-B534-E7A573DBC1C0}.Debug|Any CPU.ActiveCfg = Debug|Any CPU
		{49C5EAA2-01CB-4BDC-B534-E7A573DBC1C0}.Debug|Any CPU.Build.0 = Debug|Any CPU
		{49C5EAA2-01CB-4BDC-B534-E7A573DBC1C0}.Release|Any CPU.ActiveCfg = Release|Any CPU
		{49C5EAA2-01CB-4BDC-B534-E7A573DBC1C0}.Release|Any CPU.Build.0 = Release|Any CPU
		{6E8BB3A2-A3BE-4C6C-AAEB-3F490DBBA4D1}.Debug|Any CPU.ActiveCfg = Debug|Any CPU
		{6E8BB3A2-A3BE-4C6C-AAEB-3F490DBBA4D1}.Debug|Any CPU.Build.0 = Debug|Any CPU
		{6E8BB3A2-A3BE-4C6C-AAEB-3F490DBBA4D1}.Release|Any CPU.ActiveCfg = Release|Any CPU
		{6E8BB3A2-A3BE-4C6C-AAEB-3F490DBBA4D1}.Release|Any CPU.Build.0 = Release|Any CPU
		{AF3F8C15-6832-4661-9541-4DB48AC71F98}.Debug|Any CPU.ActiveCfg = Debug|Any CPU
		{AF3F8C15-6832-4661-9541-4DB48AC71F98}.Debug|Any CPU.Build.0 = Debug|Any CPU
		{AF3F8C15-6832-4661-9541-4DB48AC71F98}.Release|Any CPU.ActiveCfg = Release|Any CPU
		{AF3F8C15-6832-4661-9541-4DB48AC71F98}.Release|Any CPU.Build.0 = Release|Any CPU
	EndGlobalSection
	GlobalSection(SolutionProperties) = preSolution
		HideSolutionNode = FALSE
	EndGlobalSection
	GlobalSection(ExtensibilityGlobals) = postSolution
		SolutionGuid = {DAD591DE-9790-4459-869F-D6EAA655E701}
	EndGlobalSection
EndGlobal
